
Microsoft Visual Studio Solution File, Format Version 12.00
# Visual Studio Version 17
VisualStudioVersion = 17.0.31903.59
MinimumVisualStudioVersion = 10.0.40219.1
Project("{2150E333-8FDC-42A3-9474-1A3956D46DE8}") = "src", "src", "{827E0CD3-B72D-47B6-A68D-7590B98EB39B}"
EndProject
Project("{FAE04EC0-301F-11D3-BF4B-00C04F79EFBC}") = "Application", "src\Application\Application.csproj", "{8417C083-54AB-408E-88D8-1F67DF1C7B64}"
EndProject
Project("{FAE04EC0-301F-11D3-BF4B-00C04F79EFBC}") = "Domain", "src\Domain\Domain.csproj", "{92764705-7808-46F6-ACF8-945424407B57}"
EndProject
Project("{FAE04EC0-301F-11D3-BF4B-00C04F79EFBC}") = "Infrastructure", "src\Infrastructure\Infrastructure.csproj", "{009419EB-7288-4402-AD7E-4B0D591FDF67}"
EndProject
Project("{FAE04EC0-301F-11D3-BF4B-00C04F79EFBC}") = "WebApi", "src\WebApi\WebApi.csproj", "{1EB3937E-9730-4322-A5B9-18C07F7AB80A}"
EndProject
Project("{2150E333-8FDC-42A3-9474-1A3956D46DE8}") = "Libraries", "Libraries", "{02EA681E-C7D8-13C7-8484-4AC65E1B71E8}"
EndProject
Project("{FAE04EC0-301F-11D3-BF4B-00C04F79EFBC}") = "AuthLibrary", "..\AuthLibrary\AuthLibrary.csproj", "{8716C155-B420-3FC2-E975-B28201F623CA}"
EndProject
Project("{FAE04EC0-301F-11D3-BF4B-00C04F79EFBC}") = "ResponseWrapperLibrary", "..\ResponseWrapperLibrary\ResponseWrapperLibrary.csproj", "{1BEBE934-88DB-E0BB-F4FF-292028D42F45}"
EndProject
Global
	GlobalSection(SolutionConfigurationPlatforms) = preSolution
		Debug|Any CPU = Debug|Any CPU
		Debug|x64 = Debug|x64
		Debug|x86 = Debug|x86
		Release|Any CPU = Release|Any CPU
		Release|x64 = Release|x64
		Release|x86 = Release|x86
	EndGlobalSection
	GlobalSection(ProjectConfigurationPlatforms) = postSolution
		{8417C083-54AB-408E-88D8-1F67DF1C7B64}.Debug|Any CPU.ActiveCfg = Debug|Any CPU
		{8417C083-54AB-408E-88D8-1F67DF1C7B64}.Debug|Any CPU.Build.0 = Debug|Any CPU
		{8417C083-54AB-408E-88D8-1F67DF1C7B64}.Debug|x64.ActiveCfg = Debug|Any CPU
		{8417C083-54AB-408E-88D8-1F67DF1C7B64}.Debug|x64.Build.0 = Debug|Any CPU
		{8417C083-54AB-408E-88D8-1F67DF1C7B64}.Debug|x86.ActiveCfg = Debug|Any CPU
		{8417C083-54AB-408E-88D8-1F67DF1C7B64}.Debug|x86.Build.0 = Debug|Any CPU
		{8417C083-54AB-408E-88D8-1F67DF1C7B64}.Release|Any CPU.ActiveCfg = Release|Any CPU
		{8417C083-54AB-408E-88D8-1F67DF1C7B64}.Release|Any CPU.Build.0 = Release|Any CPU
		{8417C083-54AB-408E-88D8-1F67DF1C7B64}.Release|x64.ActiveCfg = Release|Any CPU
		{8417C083-54AB-408E-88D8-1F67DF1C7B64}.Release|x64.Build.0 = Release|Any CPU
		{8417C083-54AB-408E-88D8-1F67DF1C7B64}.Release|x86.ActiveCfg = Release|Any CPU
		{8417C083-54AB-408E-88D8-1F67DF1C7B64}.Release|x86.Build.0 = Release|Any CPU
		{92764705-7808-46F6-ACF8-945424407B57}.Debug|Any CPU.ActiveCfg = Debug|Any CPU
		{92764705-7808-46F6-ACF8-945424407B57}.Debug|Any CPU.Build.0 = Debug|Any CPU
		{92764705-7808-46F6-ACF8-945424407B57}.Debug|x64.ActiveCfg = Debug|Any CPU
		{92764705-7808-46F6-ACF8-945424407B57}.Debug|x64.Build.0 = Debug|Any CPU
		{92764705-7808-46F6-ACF8-945424407B57}.Debug|x86.ActiveCfg = Debug|Any CPU
		{92764705-7808-46F6-ACF8-945424407B57}.Debug|x86.Build.0 = Debug|Any CPU
		{92764705-7808-46F6-ACF8-945424407B57}.Release|Any CPU.ActiveCfg = Release|Any CPU
		{92764705-7808-46F6-ACF8-945424407B57}.Release|Any CPU.Build.0 = Release|Any CPU
		{92764705-7808-46F6-ACF8-945424407B57}.Release|x64.ActiveCfg = Release|Any CPU
		{92764705-7808-46F6-ACF8-945424407B57}.Release|x64.Build.0 = Release|Any CPU
		{92764705-7808-46F6-ACF8-945424407B57}.Release|x86.ActiveCfg = Release|Any CPU
		{92764705-7808-46F6-ACF8-945424407B57}.Release|x86.Build.0 = Release|Any CPU
		{009419EB-7288-4402-AD7E-4B0D591FDF67}.Debug|Any CPU.ActiveCfg = Debug|Any CPU
		{009419EB-7288-4402-AD7E-4B0D591FDF67}.Debug|Any CPU.Build.0 = Debug|Any CPU
		{009419EB-7288-4402-AD7E-4B0D591FDF67}.Debug|x64.ActiveCfg = Debug|Any CPU
		{009419EB-7288-4402-AD7E-4B0D591FDF67}.Debug|x64.Build.0 = Debug|Any CPU
		{009419EB-7288-4402-AD7E-4B0D591FDF67}.Debug|x86.ActiveCfg = Debug|Any CPU
		{009419EB-7288-4402-AD7E-4B0D591FDF67}.Debug|x86.Build.0 = Debug|Any CPU
		{009419EB-7288-4402-AD7E-4B0D591FDF67}.Release|Any CPU.ActiveCfg = Release|Any CPU
		{009419EB-7288-4402-AD7E-4B0D591FDF67}.Release|Any CPU.Build.0 = Release|Any CPU
		{009419EB-7288-4402-AD7E-4B0D591FDF67}.Release|x64.ActiveCfg = Release|Any CPU
		{009419EB-7288-4402-AD7E-4B0D591FDF67}.Release|x64.Build.0 = Release|Any CPU
		{009419EB-7288-4402-AD7E-4B0D591FDF67}.Release|x86.ActiveCfg = Release|Any CPU
		{009419EB-7288-4402-AD7E-4B0D591FDF67}.Release|x86.Build.0 = Release|Any CPU
		{1EB3937E-9730-4322-A5B9-18C07F7AB80A}.Debug|Any CPU.ActiveCfg = Debug|Any CPU
		{1EB3937E-9730-4322-A5B9-18C07F7AB80A}.Debug|Any CPU.Build.0 = Debug|Any CPU
		{1EB3937E-9730-4322-A5B9-18C07F7AB80A}.Debug|x64.ActiveCfg = Debug|Any CPU
		{1EB3937E-9730-4322-A5B9-18C07F7AB80A}.Debug|x64.Build.0 = Debug|Any CPU
		{1EB3937E-9730-4322-A5B9-18C07F7AB80A}.Debug|x86.ActiveCfg = Debug|Any CPU
		{1EB3937E-9730-4322-A5B9-18C07F7AB80A}.Debug|x86.Build.0 = Debug|Any CPU
		{1EB3937E-9730-4322-A5B9-18C07F7AB80A}.Release|Any CPU.ActiveCfg = Release|Any CPU
		{1EB3937E-9730-4322-A5B9-18C07F7AB80A}.Release|Any CPU.Build.0 = Release|Any CPU
		{1EB3937E-9730-4322-A5B9-18C07F7AB80A}.Release|x64.ActiveCfg = Release|Any CPU
		{1EB3937E-9730-4322-A5B9-18C07F7AB80A}.Release|x64.Build.0 = Release|Any CPU
		{1EB3937E-9730-4322-A5B9-18C07F7AB80A}.Release|x86.ActiveCfg = Release|Any CPU
		{1EB3937E-9730-4322-A5B9-18C07F7AB80A}.Release|x86.Build.0 = Release|Any CPU
		{8716C155-B420-3FC2-E975-B28201F623CA}.Debug|Any CPU.ActiveCfg = Debug|Any CPU
		{8716C155-B420-3FC2-E975-B28201F623CA}.Debug|Any CPU.Build.0 = Debug|Any CPU
		{8716C155-B420-3FC2-E975-B28201F623CA}.Debug|x64.ActiveCfg = Debug|Any CPU
		{8716C155-B420-3FC2-E975-B28201F623CA}.Debug|x64.Build.0 = Debug|Any CPU
		{8716C155-B420-3FC2-E975-B28201F623CA}.Debug|x86.ActiveCfg = Debug|Any CPU
		{8716C155-B420-3FC2-E975-B28201F623CA}.Debug|x86.Build.0 = Debug|Any CPU
		{8716C155-B420-3FC2-E975-B28201F623CA}.Release|Any CPU.ActiveCfg = Release|Any CPU
		{8716C155-B420-3FC2-E975-B28201F623CA}.Release|Any CPU.Build.0 = Release|Any CPU
		{8716C155-B420-3FC2-E975-B28201F623CA}.Release|x64.ActiveCfg = Release|Any CPU
		{8716C155-B420-3FC2-E975-B28201F623CA}.Release|x64.Build.0 = Release|Any CPU
		{8716C155-B420-3FC2-E975-B28201F623CA}.Release|x86.ActiveCfg = Release|Any CPU
		{8716C155-B420-3FC2-E975-B28201F623CA}.Release|x86.Build.0 = Release|Any CPU
		{1BEBE934-88DB-E0BB-F4FF-292028D42F45}.Debug|Any CPU.ActiveCfg = Debug|Any CPU
		{1BEBE934-88DB-E0BB-F4FF-292028D42F45}.Debug|Any CPU.Build.0 = Debug|Any CPU
		{1BEBE934-88DB-E0BB-F4FF-292028D42F45}.Debug|x64.ActiveCfg = Debug|Any CPU
		{1BEBE934-88DB-E0BB-F4FF-292028D42F45}.Debug|x64.Build.0 = Debug|Any CPU
		{1BEBE934-88DB-E0BB-F4FF-292028D42F45}.Debug|x86.ActiveCfg = Debug|Any CPU
		{1BEBE934-88DB-E0BB-F4FF-292028D42F45}.Debug|x86.Build.0 = Debug|Any CPU
		{1BEBE934-88DB-E0BB-F4FF-292028D42F45}.Release|Any CPU.ActiveCfg = Release|Any CPU
		{1BEBE934-88DB-E0BB-F4FF-292028D42F45}.Release|Any CPU.Build.0 = Release|Any CPU
		{1BEBE934-88DB-E0BB-F4FF-292028D42F45}.Release|x64.ActiveCfg = Release|Any CPU
		{1BEBE934-88DB-E0BB-F4FF-292028D42F45}.Release|x64.Build.0 = Release|Any CPU
		{1BEBE934-88DB-E0BB-F4FF-292028D42F45}.Release|x86.ActiveCfg = Release|Any CPU
		{1BEBE934-88DB-E0BB-F4FF-292028D42F45}.Release|x86.Build.0 = Release|Any CPU
	EndGlobalSection
	GlobalSection(SolutionProperties) = preSolution
		HideSolutionNode = FALSE
	EndGlobalSection
	GlobalSection(NestedProjects) = preSolution
		{8417C083-54AB-408E-88D8-1F67DF1C7B64} = {827E0CD3-B72D-47B6-A68D-7590B98EB39B}
		{92764705-7808-46F6-ACF8-945424407B57} = {827E0CD3-B72D-47B6-A68D-7590B98EB39B}
		{009419EB-7288-4402-AD7E-4B0D591FDF67} = {827E0CD3-B72D-47B6-A68D-7590B98EB39B}
		{1EB3937E-9730-4322-A5B9-18C07F7AB80A} = {827E0CD3-B72D-47B6-A68D-7590B98EB39B}
		{8716C155-B420-3FC2-E975-B28201F623CA} = {02EA681E-C7D8-13C7-8484-4AC65E1B71E8}
		{1BEBE934-88DB-E0BB-F4FF-292028D42F45} = {02EA681E-C7D8-13C7-8484-4AC65E1B71E8}
	EndGlobalSection
	GlobalSection(ExtensibilityGlobals) = postSolution
		SolutionGuid = {0FCC716D-9D68-47BA-ACAB-3537196F4436}
	EndGlobalSection
EndGlobal
