
Microsoft Visual Studio Solution File, Format Version 12.00
# Visual Studio Version 17
VisualStudioVersion = 17.0.31903.59
MinimumVisualStudioVersion = 10.0.40219.1
Project("{2150E333-8FDC-42A3-9474-1A3956D46DE8}") = "src", "src", "{827E0CD3-B72D-47B6-A68D-7590B98EB39B}"
EndProject
Project("{FAE04EC0-301F-11D3-BF4B-00C04F79EFBC}") = "Domain", "src\Domain\Domain.csproj", "{902C139E-26D0-49C4-A004-9B69FF7BBC29}"
EndProject
Project("{FAE04EC0-301F-11D3-BF4B-00C04F79EFBC}") = "Application", "src\Application\Application.csproj", "{2FB56313-FD04-4B7C-865E-76ABB6EACE10}"
EndProject
Project("{FAE04EC0-301F-11D3-BF4B-00C04F79EFBC}") = "Infrastructure", "src\Infrastructure\Infrastructure.csproj", "{29A4839C-53EF-4AC9-B664-634D15A0CAF5}"
EndProject
Project("{FAE04EC0-301F-11D3-BF4B-00C04F79EFBC}") = "WebApi", "src\WebApi\WebApi.csproj", "{780997C0-60FA-4BAF-A3C7-D73C3F3DCA9D}"
EndProject
Project("{2150E333-8FDC-42A3-9474-1A3956D46DE8}") = "Libraries", "Libraries", "{02EA681E-C7D8-13C7-8484-4AC65E1B71E8}"
EndProject
Project("{FAE04EC0-301F-11D3-BF4B-00C04F79EFBC}") = "ResponseWrapperLibrary", "..\ResponseWrapperLibrary\ResponseWrapperLibrary.csproj", "{1BEBE934-88DB-E0BB-F4FF-292028D42F45}"
EndProject
Project("{FAE04EC0-301F-11D3-BF4B-00C04F79EFBC}") = "AuthLibrary", "..\AuthLibrary\AuthLibrary.csproj", "{8716C155-B420-3FC2-E975-B28201F623CA}"
EndProject
Global
	GlobalSection(SolutionConfigurationPlatforms) = preSolution
		Debug|Any CPU = Debug|Any CPU
		Debug|x64 = Debug|x64
		Debug|x86 = Debug|x86
		Release|Any CPU = Release|Any CPU
		Release|x64 = Release|x64
		Release|x86 = Release|x86
	EndGlobalSection
	GlobalSection(ProjectConfigurationPlatforms) = postSolution
		{902C139E-26D0-49C4-A004-9B69FF7BBC29}.Debug|Any CPU.ActiveCfg = Debug|Any CPU
		{902C139E-26D0-49C4-A004-9B69FF7BBC29}.Debug|Any CPU.Build.0 = Debug|Any CPU
		{902C139E-26D0-49C4-A004-9B69FF7BBC29}.Debug|x64.ActiveCfg = Debug|Any CPU
		{902C139E-26D0-49C4-A004-9B69FF7BBC29}.Debug|x64.Build.0 = Debug|Any CPU
		{902C139E-26D0-49C4-A004-9B69FF7BBC29}.Debug|x86.ActiveCfg = Debug|Any CPU
		{902C139E-26D0-49C4-A004-9B69FF7BBC29}.Debug|x86.Build.0 = Debug|Any CPU
		{902C139E-26D0-49C4-A004-9B69FF7BBC29}.Release|Any CPU.ActiveCfg = Release|Any CPU
		{902C139E-26D0-49C4-A004-9B69FF7BBC29}.Release|Any CPU.Build.0 = Release|Any CPU
		{902C139E-26D0-49C4-A004-9B69FF7BBC29}.Release|x64.ActiveCfg = Release|Any CPU
		{902C139E-26D0-49C4-A004-9B69FF7BBC29}.Release|x64.Build.0 = Release|Any CPU
		{902C139E-26D0-49C4-A004-9B69FF7BBC29}.Release|x86.ActiveCfg = Release|Any CPU
		{902C139E-26D0-49C4-A004-9B69FF7BBC29}.Release|x86.Build.0 = Release|Any CPU
		{2FB56313-FD04-4B7C-865E-76ABB6EACE10}.Debug|Any CPU.ActiveCfg = Debug|Any CPU
		{2FB56313-FD04-4B7C-865E-76ABB6EACE10}.Debug|Any CPU.Build.0 = Debug|Any CPU
		{2FB56313-FD04-4B7C-865E-76ABB6EACE10}.Debug|x64.ActiveCfg = Debug|Any CPU
		{2FB56313-FD04-4B7C-865E-76ABB6EACE10}.Debug|x64.Build.0 = Debug|Any CPU
		{2FB56313-FD04-4B7C-865E-76ABB6EACE10}.Debug|x86.ActiveCfg = Debug|Any CPU
		{2FB56313-FD04-4B7C-865E-76ABB6EACE10}.Debug|x86.Build.0 = Debug|Any CPU
		{2FB56313-FD04-4B7C-865E-76ABB6EACE10}.Release|Any CPU.ActiveCfg = Release|Any CPU
		{2FB56313-FD04-4B7C-865E-76ABB6EACE10}.Release|Any CPU.Build.0 = Release|Any CPU
		{2FB56313-FD04-4B7C-865E-76ABB6EACE10}.Release|x64.ActiveCfg = Release|Any CPU
		{2FB56313-FD04-4B7C-865E-76ABB6EACE10}.Release|x64.Build.0 = Release|Any CPU
		{2FB56313-FD04-4B7C-865E-76ABB6EACE10}.Release|x86.ActiveCfg = Release|Any CPU
		{2FB56313-FD04-4B7C-865E-76ABB6EACE10}.Release|x86.Build.0 = Release|Any CPU
		{29A4839C-53EF-4AC9-B664-634D15A0CAF5}.Debug|Any CPU.ActiveCfg = Debug|Any CPU
		{29A4839C-53EF-4AC9-B664-634D15A0CAF5}.Debug|Any CPU.Build.0 = Debug|Any CPU
		{29A4839C-53EF-4AC9-B664-634D15A0CAF5}.Debug|x64.ActiveCfg = Debug|Any CPU
		{29A4839C-53EF-4AC9-B664-634D15A0CAF5}.Debug|x64.Build.0 = Debug|Any CPU
		{29A4839C-53EF-4AC9-B664-634D15A0CAF5}.Debug|x86.ActiveCfg = Debug|Any CPU
		{29A4839C-53EF-4AC9-B664-634D15A0CAF5}.Debug|x86.Build.0 = Debug|Any CPU
		{29A4839C-53EF-4AC9-B664-634D15A0CAF5}.Release|Any CPU.ActiveCfg = Release|Any CPU
		{29A4839C-53EF-4AC9-B664-634D15A0CAF5}.Release|Any CPU.Build.0 = Release|Any CPU
		{29A4839C-53EF-4AC9-B664-634D15A0CAF5}.Release|x64.ActiveCfg = Release|Any CPU
		{29A4839C-53EF-4AC9-B664-634D15A0CAF5}.Release|x64.Build.0 = Release|Any CPU
		{29A4839C-53EF-4AC9-B664-634D15A0CAF5}.Release|x86.ActiveCfg = Release|Any CPU
		{29A4839C-53EF-4AC9-B664-634D15A0CAF5}.Release|x86.Build.0 = Release|Any CPU
		{780997C0-60FA-4BAF-A3C7-D73C3F3DCA9D}.Debug|Any CPU.ActiveCfg = Debug|Any CPU
		{780997C0-60FA-4BAF-A3C7-D73C3F3DCA9D}.Debug|Any CPU.Build.0 = Debug|Any CPU
		{780997C0-60FA-4BAF-A3C7-D73C3F3DCA9D}.Debug|x64.ActiveCfg = Debug|Any CPU
		{780997C0-60FA-4BAF-A3C7-D73C3F3DCA9D}.Debug|x64.Build.0 = Debug|Any CPU
		{780997C0-60FA-4BAF-A3C7-D73C3F3DCA9D}.Debug|x86.ActiveCfg = Debug|Any CPU
		{780997C0-60FA-4BAF-A3C7-D73C3F3DCA9D}.Debug|x86.Build.0 = Debug|Any CPU
		{780997C0-60FA-4BAF-A3C7-D73C3F3DCA9D}.Release|Any CPU.ActiveCfg = Release|Any CPU
		{780997C0-60FA-4BAF-A3C7-D73C3F3DCA9D}.Release|Any CPU.Build.0 = Release|Any CPU
		{780997C0-60FA-4BAF-A3C7-D73C3F3DCA9D}.Release|x64.ActiveCfg = Release|Any CPU
		{780997C0-60FA-4BAF-A3C7-D73C3F3DCA9D}.Release|x64.Build.0 = Release|Any CPU
		{780997C0-60FA-4BAF-A3C7-D73C3F3DCA9D}.Release|x86.ActiveCfg = Release|Any CPU
		{780997C0-60FA-4BAF-A3C7-D73C3F3DCA9D}.Release|x86.Build.0 = Release|Any CPU
		{1BEBE934-88DB-E0BB-F4FF-292028D42F45}.Debug|Any CPU.ActiveCfg = Debug|Any CPU
		{1BEBE934-88DB-E0BB-F4FF-292028D42F45}.Debug|Any CPU.Build.0 = Debug|Any CPU
		{1BEBE934-88DB-E0BB-F4FF-292028D42F45}.Debug|x64.ActiveCfg = Debug|Any CPU
		{1BEBE934-88DB-E0BB-F4FF-292028D42F45}.Debug|x64.Build.0 = Debug|Any CPU
		{1BEBE934-88DB-E0BB-F4FF-292028D42F45}.Debug|x86.ActiveCfg = Debug|Any CPU
		{1BEBE934-88DB-E0BB-F4FF-292028D42F45}.Debug|x86.Build.0 = Debug|Any CPU
		{1BEBE934-88DB-E0BB-F4FF-292028D42F45}.Release|Any CPU.ActiveCfg = Release|Any CPU
		{1BEBE934-88DB-E0BB-F4FF-292028D42F45}.Release|Any CPU.Build.0 = Release|Any CPU
		{1BEBE934-88DB-E0BB-F4FF-292028D42F45}.Release|x64.ActiveCfg = Release|Any CPU
		{1BEBE934-88DB-E0BB-F4FF-292028D42F45}.Release|x64.Build.0 = Release|Any CPU
		{1BEBE934-88DB-E0BB-F4FF-292028D42F45}.Release|x86.ActiveCfg = Release|Any CPU
		{1BEBE934-88DB-E0BB-F4FF-292028D42F45}.Release|x86.Build.0 = Release|Any CPU
		{8716C155-B420-3FC2-E975-B28201F623CA}.Debug|Any CPU.ActiveCfg = Debug|Any CPU
		{8716C155-B420-3FC2-E975-B28201F623CA}.Debug|Any CPU.Build.0 = Debug|Any CPU
		{8716C155-B420-3FC2-E975-B28201F623CA}.Debug|x64.ActiveCfg = Debug|Any CPU
		{8716C155-B420-3FC2-E975-B28201F623CA}.Debug|x64.Build.0 = Debug|Any CPU
		{8716C155-B420-3FC2-E975-B28201F623CA}.Debug|x86.ActiveCfg = Debug|Any CPU
		{8716C155-B420-3FC2-E975-B28201F623CA}.Debug|x86.Build.0 = Debug|Any CPU
		{8716C155-B420-3FC2-E975-B28201F623CA}.Release|Any CPU.ActiveCfg = Release|Any CPU
		{8716C155-B420-3FC2-E975-B28201F623CA}.Release|Any CPU.Build.0 = Release|Any CPU
		{8716C155-B420-3FC2-E975-B28201F623CA}.Release|x64.ActiveCfg = Release|Any CPU
		{8716C155-B420-3FC2-E975-B28201F623CA}.Release|x64.Build.0 = Release|Any CPU
		{8716C155-B420-3FC2-E975-B28201F623CA}.Release|x86.ActiveCfg = Release|Any CPU
		{8716C155-B420-3FC2-E975-B28201F623CA}.Release|x86.Build.0 = Release|Any CPU
	EndGlobalSection
	GlobalSection(SolutionProperties) = preSolution
		HideSolutionNode = FALSE
	EndGlobalSection
	GlobalSection(NestedProjects) = preSolution
		{902C139E-26D0-49C4-A004-9B69FF7BBC29} = {827E0CD3-B72D-47B6-A68D-7590B98EB39B}
		{2FB56313-FD04-4B7C-865E-76ABB6EACE10} = {827E0CD3-B72D-47B6-A68D-7590B98EB39B}
		{29A4839C-53EF-4AC9-B664-634D15A0CAF5} = {827E0CD3-B72D-47B6-A68D-7590B98EB39B}
		{780997C0-60FA-4BAF-A3C7-D73C3F3DCA9D} = {827E0CD3-B72D-47B6-A68D-7590B98EB39B}
		{1BEBE934-88DB-E0BB-F4FF-292028D42F45} = {02EA681E-C7D8-13C7-8484-4AC65E1B71E8}
		{8716C155-B420-3FC2-E975-B28201F623CA} = {02EA681E-C7D8-13C7-8484-4AC65E1B71E8}
	EndGlobalSection
	GlobalSection(ExtensibilityGlobals) = postSolution
		SolutionGuid = {06E02C56-A185-4F5A-A2FA-69B21916B5E5}
	EndGlobalSection
EndGlobal
